{
  "version": 4,
  "terraform_version": "1.0.5",
  "serial": 10,
  "lineage": "107df009-04e8-a931-670e-cc9e428651b4",
  "outputs": {
    "static-external-test-pg0-liverace-address": {
      "value": "178.154.224.105",
      "type": "string"
    }
  },
  "resources": [
    {
      "mode": "data",
      "type": "template_file",
      "name": "user_data",
      "provider": "provider[\"registry.terraform.io/hashicorp/template\"]",
      "instances": [
        {
          "schema_version": 0,
          "attributes": {
            "filename": null,
            "id": "b34bb242566d9074ccc93192b2d3c59211bbe4986695c235636cced591c5d922",
            "rendered": "#cloud-config\nusers:\n  - default\n  - name: ansible\n    primary_group: ansible\n    sudo: ALL=(ALL) NOPASSWD:ALL\n    groups: users, admin\n#    lock_passwd: false\n    ssh_authorized_keys:\n      - ssh-rsa AAAAB3NzaC1yc2EAAAADAQABAAACAQDBATlvyzNr0ypS+mer+3hVziBOTZP63VtBv1acferZfRwFS7ajw4QG0kd3FrRUamKIcHcp/c9vr76C/wlF5l3tI7dxMRRKaWCQysXEpWyV4BRVfNtQgmZsh2eY12q8RaDD6YFjv5MHbQRCBQnGuxCBve/vgyeUxf8wUfqrnosbGK5PbCe0+VQGq05EZGg+mN9butiI2NeD9JX8NI9ecRMhxilTGdS8xPF32T+5ULE7NOWIk3JgXlAcdQ7JhGbUajud6GmKlhQF/7xVtsvH7widJWVkIeToVVDdpd5u5+IFFe2HrtHBwJKyV0czBerM9JADxdL7QzFY+cHP68Hbn3Bb1nLQjpCwVUFFVIM56vt8tky2bsZTEONnVf0BfvjKqpjBocDD+TNqsq2SputdbwrRkMraphPCzVZB8VJMcsySaRr/LK7NcYWsKahHvpg3/pEBSdFXbumW9Um9gEJzo1HLJj/c7wuhqNePASCx4gFCppmtEH+CLY1x1CQjWwXF1zLwEgU6LBqXyLqRtUhVnqN0Zf44YZxnCeNZdk5P28RrlxzSDelR96l/UOQpbSIDXaZw6MJBTHMo3gR87iYSPbAInKUz5eiDErtCbKndIgp9tSfEoRuV1BA8PalNRYX8io7hLXjGW7+JvUOsw8uZODAPq+nRFCiyGfqau1FE4Lb+RQ== jumper@nobody-lp\n",
            "template": "#cloud-config\nusers:\n  - default\n  - name: ansible\n    primary_group: ansible\n    sudo: ALL=(ALL) NOPASSWD:ALL\n    groups: users, admin\n#    lock_passwd: false\n    ssh_authorized_keys:\n      - ssh-rsa AAAAB3NzaC1yc2EAAAADAQABAAACAQDBATlvyzNr0ypS+mer+3hVziBOTZP63VtBv1acferZfRwFS7ajw4QG0kd3FrRUamKIcHcp/c9vr76C/wlF5l3tI7dxMRRKaWCQysXEpWyV4BRVfNtQgmZsh2eY12q8RaDD6YFjv5MHbQRCBQnGuxCBve/vgyeUxf8wUfqrnosbGK5PbCe0+VQGq05EZGg+mN9butiI2NeD9JX8NI9ecRMhxilTGdS8xPF32T+5ULE7NOWIk3JgXlAcdQ7JhGbUajud6GmKlhQF/7xVtsvH7widJWVkIeToVVDdpd5u5+IFFe2HrtHBwJKyV0czBerM9JADxdL7QzFY+cHP68Hbn3Bb1nLQjpCwVUFFVIM56vt8tky2bsZTEONnVf0BfvjKqpjBocDD+TNqsq2SputdbwrRkMraphPCzVZB8VJMcsySaRr/LK7NcYWsKahHvpg3/pEBSdFXbumW9Um9gEJzo1HLJj/c7wuhqNePASCx4gFCppmtEH+CLY1x1CQjWwXF1zLwEgU6LBqXyLqRtUhVnqN0Zf44YZxnCeNZdk5P28RrlxzSDelR96l/UOQpbSIDXaZw6MJBTHMo3gR87iYSPbAInKUz5eiDErtCbKndIgp9tSfEoRuV1BA8PalNRYX8io7hLXjGW7+JvUOsw8uZODAPq+nRFCiyGfqau1FE4Lb+RQ== jumper@nobody-lp\n",
            "vars": null
          },
          "sensitive_attributes": []
        }
      ]
    },
    {
      "mode": "managed",
      "type": "yandex_compute_disk",
      "name": "test-pg0-liverace-boot-disk",
      "provider": "provider[\"registry.terraform.io/yandex-cloud/yandex\"]",
      "instances": [
        {
          "schema_version": 0,
          "attributes": {
            "allow_recreate": null,
            "block_size": 4096,
            "created_at": "2022-10-26T10:13:19Z",
            "description": "",
            "disk_placement_policy": [
              {
                "disk_placement_group_id": ""
              }
            ],
            "folder_id": "b1gsfkm1s0ilcju5ufl9",
            "id": "fhm1u200b1vo44ke27a1",
            "image_id": "fd83clk0nfo8p172omkn",
            "labels": null,
            "name": "test-pg0-liverace-boot-disk",
            "product_ids": [
              "f2e7g0asjqgqs2m5l27k"
            ],
            "size": 50,
            "snapshot_id": "",
            "status": "ready",
            "timeouts": null,
            "type": "network-ssd",
            "zone": "ru-central1-a"
          },
          "sensitive_attributes": [],
          "private": "eyJlMmJmYjczMC1lY2FhLTExZTYtOGY4OC0zNDM2M2JjN2M0YzAiOnsiY3JlYXRlIjozMDAwMDAwMDAwMDAsImRlbGV0ZSI6MzAwMDAwMDAwMDAwLCJ1cGRhdGUiOjMwMDAwMDAwMDAwMH19"
        }
      ]
    },
    {
      "mode": "managed",
      "type": "yandex_compute_instance",
      "name": "test-pg0-liverace",
      "provider": "provider[\"registry.terraform.io/yandex-cloud/yandex\"]",
      "instances": [
        {
          "schema_version": 1,
          "attributes": {
            "allow_recreate": null,
            "allow_stopping_for_update": null,
            "boot_disk": [
              {
                "auto_delete": true,
                "device_name": "fhm1u200b1vo44ke27a1",
                "disk_id": "fhm1u200b1vo44ke27a1",
                "initialize_params": [
                  {
                    "block_size": 4096,
                    "description": "",
                    "image_id": "fd83clk0nfo8p172omkn",
                    "name": "test-pg0-liverace-boot-disk",
                    "size": 50,
                    "snapshot_id": "",
                    "type": "network-ssd"
                  }
                ],
                "mode": "READ_WRITE"
              }
            ],
            "created_at": "2022-10-26T10:13:27Z",
            "description": "",
            "folder_id": "b1gsfkm1s0ilcju5ufl9",
            "fqdn": "fhmvfd9tibpp1gg11ntl.auto.internal",
            "hostname": "",
            "id": "fhmvfd9tibpp1gg11ntl",
            "labels": null,
            "local_disk": [],
            "metadata": {
              "ssh-keys": "debian:ssh-rsa AAAAB3NzaC1yc2EAAAADAQABAAACAQDBATlvyzNr0ypS+mer+3hVziBOTZP63VtBv1acferZfRwFS7ajw4QG0kd3FrRUamKIcHcp/c9vr76C/wlF5l3tI7dxMRRKaWCQysXEpWyV4BRVfNtQgmZsh2eY12q8RaDD6YFjv5MHbQRCBQnGuxCBve/vgyeUxf8wUfqrnosbGK5PbCe0+VQGq05EZGg+mN9butiI2NeD9JX8NI9ecRMhxilTGdS8xPF32T+5ULE7NOWIk3JgXlAcdQ7JhGbUajud6GmKlhQF/7xVtsvH7widJWVkIeToVVDdpd5u5+IFFe2HrtHBwJKyV0czBerM9JADxdL7QzFY+cHP68Hbn3Bb1nLQjpCwVUFFVIM56vt8tky2bsZTEONnVf0BfvjKqpjBocDD+TNqsq2SputdbwrRkMraphPCzVZB8VJMcsySaRr/LK7NcYWsKahHvpg3/pEBSdFXbumW9Um9gEJzo1HLJj/c7wuhqNePASCx4gFCppmtEH+CLY1x1CQjWwXF1zLwEgU6LBqXyLqRtUhVnqN0Zf44YZxnCeNZdk5P28RrlxzSDelR96l/UOQpbSIDXaZw6MJBTHMo3gR87iYSPbAInKUz5eiDErtCbKndIgp9tSfEoRuV1BA8PalNRYX8io7hLXjGW7+JvUOsw8uZODAPq+nRFCiyGfqau1FE4Lb+RQ== jumper@nobody-lp\n",
              "user-data": "#cloud-config\nusers:\n  - default\n  - name: ansible\n    primary_group: ansible\n    sudo: ALL=(ALL) NOPASSWD:ALL\n    groups: users, admin\n#    lock_passwd: false\n    ssh_authorized_keys:\n      - ssh-rsa AAAAB3NzaC1yc2EAAAADAQABAAACAQDBATlvyzNr0ypS+mer+3hVziBOTZP63VtBv1acferZfRwFS7ajw4QG0kd3FrRUamKIcHcp/c9vr76C/wlF5l3tI7dxMRRKaWCQysXEpWyV4BRVfNtQgmZsh2eY12q8RaDD6YFjv5MHbQRCBQnGuxCBve/vgyeUxf8wUfqrnosbGK5PbCe0+VQGq05EZGg+mN9butiI2NeD9JX8NI9ecRMhxilTGdS8xPF32T+5ULE7NOWIk3JgXlAcdQ7JhGbUajud6GmKlhQF/7xVtsvH7widJWVkIeToVVDdpd5u5+IFFe2HrtHBwJKyV0czBerM9JADxdL7QzFY+cHP68Hbn3Bb1nLQjpCwVUFFVIM56vt8tky2bsZTEONnVf0BfvjKqpjBocDD+TNqsq2SputdbwrRkMraphPCzVZB8VJMcsySaRr/LK7NcYWsKahHvpg3/pEBSdFXbumW9Um9gEJzo1HLJj/c7wuhqNePASCx4gFCppmtEH+CLY1x1CQjWwXF1zLwEgU6LBqXyLqRtUhVnqN0Zf44YZxnCeNZdk5P28RrlxzSDelR96l/UOQpbSIDXaZw6MJBTHMo3gR87iYSPbAInKUz5eiDErtCbKndIgp9tSfEoRuV1BA8PalNRYX8io7hLXjGW7+JvUOsw8uZODAPq+nRFCiyGfqau1FE4Lb+RQ== jumper@nobody-lp\n"
            },
            "name": "test-pg0-liverace",
            "network_acceleration_type": "standard",
            "network_interface": [
              {
                "dns_record": [],
                "index": 0,
                "ip_address": "10.128.0.28",
                "ipv4": true,
                "ipv6": false,
                "ipv6_address": "",
                "ipv6_dns_record": [],
                "mac_address": "d0:0d:1f:7b:53:d9",
                "nat": true,
                "nat_dns_record": [],
                "nat_ip_address": "178.154.224.105",
                "nat_ip_version": "IPV4",
                "security_group_ids": [],
                "subnet_id": "e9bamfhhg69e99tkm32j"
              }
            ],
            "placement_policy": [
              {
                "host_affinity_rules": [],
                "placement_group_id": ""
              }
            ],
            "platform_id": "standard-v1",
            "resources": [
              {
                "core_fraction": 100,
                "cores": 2,
                "gpus": 0,
                "memory": 2
              }
            ],
            "scheduling_policy": [
              {
                "preemptible": false
              }
            ],
            "secondary_disk": [],
            "service_account_id": "",
            "status": "running",
            "timeouts": null,
            "zone": "ru-central1-a"
          },
          "sensitive_attributes": [],
          "private": "eyJlMmJmYjczMC1lY2FhLTExZTYtOGY4OC0zNDM2M2JjN2M0YzAiOnsiY3JlYXRlIjozMDAwMDAwMDAwMDAsImRlbGV0ZSI6MzAwMDAwMDAwMDAwLCJ1cGRhdGUiOjMwMDAwMDAwMDAwMH0sInNjaGVtYV92ZXJzaW9uIjoiMSJ9",
          "dependencies": [
            "data.template_file.user_data",
            "yandex_compute_disk.test-pg0-liverace-boot-disk",
            "yandex_vpc_address.static-external-test-pg0-liverace-address"
          ]
        }
      ]
    },
    {
      "mode": "managed",
      "type": "yandex_vpc_address",
      "name": "static-external-test-pg0-liverace-address",
      "provider": "provider[\"registry.terraform.io/yandex-cloud/yandex\"]",
      "instances": [
        {
          "schema_version": 0,
          "attributes": {
            "created_at": "2022-10-26T10:13:20Z",
            "description": "",
            "external_ipv4_address": [
              {
                "address": "178.154.224.105",
                "ddos_protection_provider": "",
                "outgoing_smtp_capability": "",
                "zone_id": "ru-central1-a"
              }
            ],
            "folder_id": "b1gsfkm1s0ilcju5ufl9",
            "id": "e9b2h5hpa29ant7e9hnu",
            "labels": {},
            "name": "static-external-test-pg0-liverace-address",
            "reserved": true,
            "timeouts": null,
            "used": false
          },
          "sensitive_attributes": [],
          "private": "eyJlMmJmYjczMC1lY2FhLTExZTYtOGY4OC0zNDM2M2JjN2M0YzAiOnsiY3JlYXRlIjozMDAwMDAwMDAwMCwiZGVsZXRlIjozMDAwMDAwMDAwMCwidXBkYXRlIjozMDAwMDAwMDAwMH19"
        }
      ]
    }
  ]
}
